
Microsoft Visual Studio Solution File, Format Version 12.00
# Visual Studio Version 16
VisualStudioVersion = 16.0.30907.101
MinimumVisualStudioVersion = 10.0.40219.1
Project("{8BC9CEB8-8B4A-11D0-8D11-00A0C91BC942}") = "test_3_10", "test_3_10.vcxproj", "{7DB6273F-7307-4532-AB96-41D62C021299}"
EndProject
Global
	GlobalSection(SolutionConfigurationPlatforms) = preSolution
		Debug|x64 = Debug|x64
		Debug|x86 = Debug|x86
		Release|x64 = Release|x64
		Release|x86 = Release|x86
	EndGlobalSection
	GlobalSection(ProjectConfigurationPlatforms) = postSolution
		{7DB6273F-7307-4532-AB96-41D62C021299}.Debug|x64.ActiveCfg = Debug|x64
		{7DB6273F-7307-4532-AB96-41D62C021299}.Debug|x64.Build.0 = Debug|x64
		{7DB6273F-7307-4532-AB96-41D62C021299}.Debug|x86.ActiveCfg = Debug|Win32
		{7DB6273F-7307-4532-AB96-41D62C021299}.Debug|x86.Build.0 = Debug|Win32
		{7DB6273F-7307-4532-AB96-41D62C021299}.Release|x64.ActiveCfg = Release|x64
		{7DB6273F-7307-4532-AB96-41D62C021299}.Release|x64.Build.0 = Release|x64
		{7DB6273F-7307-4532-AB96-41D62C021299}.Release|x86.ActiveCfg = Release|Win32
		{7DB6273F-7307-4532-AB96-41D62C021299}.Release|x86.Build.0 = Release|Win32
	EndGlobalSection
	GlobalSection(SolutionProperties) = preSolution
		HideSolutionNode = FALSE
	EndGlobalSection
	GlobalSection(ExtensibilityGlobals) = postSolution
		SolutionGuid = {373E5D08-2F4C-4A19-B061-48F376EC38AD}
	EndGlobalSection
EndGlobal
