
Microsoft Visual Studio Solution File, Format Version 12.00
# Visual Studio Version 16
VisualStudioVersion = 16.0.30907.101
MinimumVisualStudioVersion = 10.0.40219.1
Project("{8BC9CEB8-8B4A-11D0-8D11-00A0C91BC942}") = "Use the computer", "Use the computer.vcxproj", "{B0E0B895-887F-40E6-863B-3506C22805F5}"
EndProject
Global
	GlobalSection(SolutionConfigurationPlatforms) = preSolution
		Debug|x64 = Debug|x64
		Debug|x86 = Debug|x86
		Release|x64 = Release|x64
		Release|x86 = Release|x86
	EndGlobalSection
	GlobalSection(ProjectConfigurationPlatforms) = postSolution
		{B0E0B895-887F-40E6-863B-3506C22805F5}.Debug|x64.ActiveCfg = Debug|x64
		{B0E0B895-887F-40E6-863B-3506C22805F5}.Debug|x64.Build.0 = Debug|x64
		{B0E0B895-887F-40E6-863B-3506C22805F5}.Debug|x86.ActiveCfg = Debug|Win32
		{B0E0B895-887F-40E6-863B-3506C22805F5}.Debug|x86.Build.0 = Debug|Win32
		{B0E0B895-887F-40E6-863B-3506C22805F5}.Release|x64.ActiveCfg = Release|x64
		{B0E0B895-887F-40E6-863B-3506C22805F5}.Release|x64.Build.0 = Release|x64
		{B0E0B895-887F-40E6-863B-3506C22805F5}.Release|x86.ActiveCfg = Release|Win32
		{B0E0B895-887F-40E6-863B-3506C22805F5}.Release|x86.Build.0 = Release|Win32
	EndGlobalSection
	GlobalSection(SolutionProperties) = preSolution
		HideSolutionNode = FALSE
	EndGlobalSection
	GlobalSection(ExtensibilityGlobals) = postSolution
		SolutionGuid = {C478084B-E148-4627-988E-FB4379F867E8}
	EndGlobalSection
EndGlobal
